{
    "_meta": {
        "hash": {
            "sha256": "8f25e934fcf69330ae3381619953f323c7c33e48bd9bcdbae7c96800113372bf"
        },
        "pipfile-spec": 6,
        "requires": {
            "python_version": "3.8"
        },
        "sources": [
            {
                "name": "pypi",
                "url": "https://pypi.org/simple",
                "verify_ssl": true
            }
        ]
    },
    "default": {
        "pyglet": {
            "hashes": [
                "sha256:529b7b1198df3a8399b9621a99ca5e29cd32bb98428bd0e8ba699afa4ba96d2b",
                "sha256:ee8c5e0b5b87df84188e20e552982eba8da00944b4c5560f1cfdd5c9714d19b0"
            ],
            "index": "pypi",
            "version": "==1.5.26"
        }
    },
    "develop": {}
}
